
Microsoft Visual Studio Solution File, Format Version 12.00
# Visual Studio Version 17
VisualStudioVersion = 17.3.32825.248
MinimumVisualStudioVersion = 10.0.40219.1
Project("{9A19103F-16F7-4668-BE54-9A1E7A4F7556}") = "EasyExcelFrameworkSelenium", "EasyExcelFrameworkSelenium.csproj", "{4DFADE8A-80D1-4DDE-863D-07EC61C20D11}"
EndProject
Project("{9A19103F-16F7-4668-BE54-9A1E7A4F7556}") = "SeleniumUnitTests", "..\EasyExcelFrameworkSeleniumTests\SeleniumUnitTests.csproj", "{5291C699-6466-424D-A4D5-F4342D296A75}"
EndProject
Global
	GlobalSection(SolutionConfigurationPlatforms) = preSolution
		Debug|Any CPU = Debug|Any CPU
		Release|Any CPU = Release|Any CPU
	EndGlobalSection
	GlobalSection(ProjectConfigurationPlatforms) = postSolution
		{4DFADE8A-80D1-4DDE-863D-07EC61C20D11}.Debug|Any CPU.ActiveCfg = Debug|Any CPU
		{4DFADE8A-80D1-4DDE-863D-07EC61C20D11}.Debug|Any CPU.Build.0 = Debug|Any CPU
		{4DFADE8A-80D1-4DDE-863D-07EC61C20D11}.Release|Any CPU.ActiveCfg = Release|Any CPU
		{4DFADE8A-80D1-4DDE-863D-07EC61C20D11}.Release|Any CPU.Build.0 = Release|Any CPU
		{5291C699-6466-424D-A4D5-F4342D296A75}.Debug|Any CPU.ActiveCfg = Debug|Any CPU
		{5291C699-6466-424D-A4D5-F4342D296A75}.Debug|Any CPU.Build.0 = Debug|Any CPU
		{5291C699-6466-424D-A4D5-F4342D296A75}.Release|Any CPU.ActiveCfg = Release|Any CPU
		{5291C699-6466-424D-A4D5-F4342D296A75}.Release|Any CPU.Build.0 = Release|Any CPU
	EndGlobalSection
	GlobalSection(SolutionProperties) = preSolution
		HideSolutionNode = FALSE
	EndGlobalSection
	GlobalSection(ExtensibilityGlobals) = postSolution
		SolutionGuid = {34128A0A-82FF-404D-B932-EEA93D02712F}
	EndGlobalSection
EndGlobal
